
Microsoft Visual Studio Solution File, Format Version 12.00
# Visual Studio Version 17
VisualStudioVersion = 17.2.32516.85
MinimumVisualStudioVersion = 10.0.40219.1
Project("{8BC9CEB8-8B4A-11D0-8D11-00A0C91BC942}") = "0707study", "0707study\0707study.vcxproj", "{9EFACA3D-7220-4B1A-8ABA-852418C3B14F}"
EndProject
Global
	GlobalSection(SolutionConfigurationPlatforms) = preSolution
		Debug|x64 = Debug|x64
		Debug|x86 = Debug|x86
		Release|x64 = Release|x64
		Release|x86 = Release|x86
	EndGlobalSection
	GlobalSection(ProjectConfigurationPlatforms) = postSolution
		{9EFACA3D-7220-4B1A-8ABA-852418C3B14F}.Debug|x64.ActiveCfg = Debug|x64
		{9EFACA3D-7220-4B1A-8ABA-852418C3B14F}.Debug|x64.Build.0 = Debug|x64
		{9EFACA3D-7220-4B1A-8ABA-852418C3B14F}.Debug|x86.ActiveCfg = Debug|Win32
		{9EFACA3D-7220-4B1A-8ABA-852418C3B14F}.Debug|x86.Build.0 = Debug|Win32
		{9EFACA3D-7220-4B1A-8ABA-852418C3B14F}.Release|x64.ActiveCfg = Release|x64
		{9EFACA3D-7220-4B1A-8ABA-852418C3B14F}.Release|x64.Build.0 = Release|x64
		{9EFACA3D-7220-4B1A-8ABA-852418C3B14F}.Release|x86.ActiveCfg = Release|Win32
		{9EFACA3D-7220-4B1A-8ABA-852418C3B14F}.Release|x86.Build.0 = Release|Win32
	EndGlobalSection
	GlobalSection(SolutionProperties) = preSolution
		HideSolutionNode = FALSE
	EndGlobalSection
	GlobalSection(ExtensibilityGlobals) = postSolution
		SolutionGuid = {4DCA751F-9F20-4F58-9A6C-3F024CAA6182}
	EndGlobalSection
EndGlobal
